
Microsoft Visual Studio Solution File, Format Version 12.00
# Visual Studio Version 17
VisualStudioVersion = 17.9.34714.143
MinimumVisualStudioVersion = 10.0.40219.1
Project("{FAE04EC0-301F-11D3-BF4B-00C04F79EFBC}") = "MatveevaA_dz_array78", "MatveevaA_dz_array78\MatveevaA_dz_array78.csproj", "{02BBA226-7376-45A9-9AFD-0E07D04571E1}"
EndProject
Global
	GlobalSection(SolutionConfigurationPlatforms) = preSolution
		Debug|Any CPU = Debug|Any CPU
		Release|Any CPU = Release|Any CPU
	EndGlobalSection
	GlobalSection(ProjectConfigurationPlatforms) = postSolution
		{02BBA226-7376-45A9-9AFD-0E07D04571E1}.Debug|Any CPU.ActiveCfg = Debug|Any CPU
		{02BBA226-7376-45A9-9AFD-0E07D04571E1}.Debug|Any CPU.Build.0 = Debug|Any CPU
		{02BBA226-7376-45A9-9AFD-0E07D04571E1}.Release|Any CPU.ActiveCfg = Release|Any CPU
		{02BBA226-7376-45A9-9AFD-0E07D04571E1}.Release|Any CPU.Build.0 = Release|Any CPU
	EndGlobalSection
	GlobalSection(SolutionProperties) = preSolution
		HideSolutionNode = FALSE
	EndGlobalSection
	GlobalSection(ExtensibilityGlobals) = postSolution
		SolutionGuid = {D3A6D481-B408-4D2A-BF11-6918DE6CAD83}
	EndGlobalSection
EndGlobal
